PODS:
  - Alamofire (4.7.2)
  - HandyJSON (4.0.0-beta.1)
  - IBAnimatable (5.1.0)
  - Kingfisher (4.8.0)
  - RxCocoa (4.0.0):
    - RxSwift (~> 4.0)
  - RxSwift (4.0.0)
  - SQLite.swift (0.11.5):
    - SQLite.swift/standard (= 0.11.5)
  - SQLite.swift/standard (0.11.5)
  - SVProgressHUD (2.2.5)
  - SwiftTheme (0.4.1)
  - SwiftyJSON (4.1.0)

DEPENDENCIES:
  - Alamofire
  - HandyJSON (~> 4.0.0-beta.1)
  - IBAnimatable
  - Kingfisher
  - RxCocoa (~> 4.0.0-beta.0)
  - RxSwift (~> 4.0.0-beta.0)
  - SQLite.swift (~> 0.11.4)
  - SVProgressHUD
  - SwiftTheme
  - SwiftyJSON

SPEC REPOS:
  https://github.com/cocoapods/specs.git:
    - Alamofire
    - HandyJSON
    - IBAnimatable
    - Kingfisher
    - RxCocoa
    - RxSwift
    - SQLite.swift
    - SVProgressHUD
    - SwiftTheme
    - SwiftyJSON

SPEC CHECKSUMS:
  Alamofire: e4fa87002c137ba2d8d634d2c51fabcda0d5c223
  HandyJSON: 428bb18e2c34c2a77361accebf90cf64e4f74118
  IBAnimatable: dd81f8f22e9982b05e8ac50794e4c8988cc300f2
  Kingfisher: 976d828df2b24834c6a3f2fc4d82cdbd26552be1
  RxCocoa: d62846ca96495d862fa4c59ea7d87e5031d7340e
  RxSwift: fd680d75283beb5e2559486f3c0ff852f0d35334
  SQLite.swift: 6e5356850bb1791459f8c16d6ee9195b28714a2e
  SVProgressHUD: 1428aafac632c1f86f62aa4243ec12008d7a51d6
  SwiftTheme: 36d71c4eed4b2c401c782cf036e4586c749a8173
  SwiftyJSON: c29297daf073d2aa016295d5809cdd68045c39b3

PODFILE CHECKSUM: 3e261949dfa2c935c92739b90cc80bb084a8c46b

COCOAPODS: 1.5.3
